
Microsoft Visual Studio Solution File, Format Version 12.00
# Visual Studio 2015
Project("{FAE04EC0-301F-11D3-BF4B-00C04F79EFBC}") = "TpUnity - Copie - Copie.CSharp.Plugins", "TpUnity - Copie - Copie.CSharp.Plugins.csproj", "{773D2064-0CE6-5E5C-011D-49EC9AB56D98}"
EndProject
Project("{FAE04EC0-301F-11D3-BF4B-00C04F79EFBC}") = "TpUnity - Copie - Copie.CSharp", "TpUnity - Copie - Copie.CSharp.csproj", "{B89B493B-56EA-E6B6-3BB7-DBBDE350DB9E}"
EndProject
Project("{FAE04EC0-301F-11D3-BF4B-00C04F79EFBC}") = "TpUnity - Copie - Copie.CSharp.Editor", "TpUnity - Copie - Copie.CSharp.Editor.csproj", "{881B438F-02E4-F7EB-DE2E-2FFEA7AB76B1}"
EndProject
Global
	GlobalSection(SolutionConfigurationPlatforms) = preSolution
		Debug|Any CPU = Debug|Any CPU
		Release|Any CPU = Release|Any CPU
	EndGlobalSection
	GlobalSection(ProjectConfigurationPlatforms) = postSolution
		{773D2064-0CE6-5E5C-011D-49EC9AB56D98}.Debug|Any CPU.ActiveCfg = Debug|Any CPU
		{773D2064-0CE6-5E5C-011D-49EC9AB56D98}.Debug|Any CPU.Build.0 = Debug|Any CPU
		{773D2064-0CE6-5E5C-011D-49EC9AB56D98}.Release|Any CPU.ActiveCfg = Release|Any CPU
		{773D2064-0CE6-5E5C-011D-49EC9AB56D98}.Release|Any CPU.Build.0 = Release|Any CPU
		{B89B493B-56EA-E6B6-3BB7-DBBDE350DB9E}.Debug|Any CPU.ActiveCfg = Debug|Any CPU
		{B89B493B-56EA-E6B6-3BB7-DBBDE350DB9E}.Debug|Any CPU.Build.0 = Debug|Any CPU
		{B89B493B-56EA-E6B6-3BB7-DBBDE350DB9E}.Release|Any CPU.ActiveCfg = Release|Any CPU
		{B89B493B-56EA-E6B6-3BB7-DBBDE350DB9E}.Release|Any CPU.Build.0 = Release|Any CPU
		{881B438F-02E4-F7EB-DE2E-2FFEA7AB76B1}.Debug|Any CPU.ActiveCfg = Debug|Any CPU
		{881B438F-02E4-F7EB-DE2E-2FFEA7AB76B1}.Debug|Any CPU.Build.0 = Debug|Any CPU
		{881B438F-02E4-F7EB-DE2E-2FFEA7AB76B1}.Release|Any CPU.ActiveCfg = Release|Any CPU
		{881B438F-02E4-F7EB-DE2E-2FFEA7AB76B1}.Release|Any CPU.Build.0 = Release|Any CPU
	EndGlobalSection
	GlobalSection(SolutionProperties) = preSolution
		HideSolutionNode = FALSE
	EndGlobalSection
EndGlobal
